// !$*UTF8*$!
{
	archiveVersion = 1;
	classes = {
	};
	objectVersion = 46;
	objects = {

/* Begin PBXBuildFile section */
		1BFE424BECB2184171928D4A /* Pods_InstagramFirebase.framework in Frameworks */ = {isa = PBXBuildFile; fileRef = 9AB016D3CDD4C07ED546E455 /* Pods_InstagramFirebase.framework */; };
		D811B3CA1EB00DFE00F5177E /* CameraController.swift in Sources */ = {isa = PBXBuildFile; fileRef = D811B3C91EB00DFE00F5177E /* CameraController.swift */; };
		D81509161EB9D15F00E1AC94 /* CommentCell.swift in Sources */ = {isa = PBXBuildFile; fileRef = D81509151EB9D15F00E1AC94 /* CommentCell.swift */; };
		D81509181EB9D3A000E1AC94 /* Comment.swift in Sources */ = {isa = PBXBuildFile; fileRef = D81509171EB9D3A000E1AC94 /* Comment.swift */; };
		D83EF5951E9310310062380E /* AppDelegate.swift in Sources */ = {isa = PBXBuildFile; fileRef = D83EF5941E9310310062380E /* AppDelegate.swift */; };
		D83EF5971E9310310062380E /* SignUpController.swift in Sources */ = {isa = PBXBuildFile; fileRef = D83EF5961E9310310062380E /* SignUpController.swift */; };
		D83EF59A1E9310310062380E /* Main.storyboard in Resources */ = {isa = PBXBuildFile; fileRef = D83EF5981E9310310062380E /* Main.storyboard */; };
		D83EF59C1E9310310062380E /* Assets.xcassets in Resources */ = {isa = PBXBuildFile; fileRef = D83EF59B1E9310310062380E /* Assets.xcassets */; };
		D83EF59F1E9310310062380E /* LaunchScreen.storyboard in Resources */ = {isa = PBXBuildFile; fileRef = D83EF59D1E9310310062380E /* LaunchScreen.storyboard */; };
		D848E6331E94E7BC00BD984F /* PhotoSelectorCell.swift in Sources */ = {isa = PBXBuildFile; fileRef = D848E6321E94E7BC00BD984F /* PhotoSelectorCell.swift */; };
		D848E6351E9519CC00BD984F /* PhotoSelectorHeader.swift in Sources */ = {isa = PBXBuildFile; fileRef = D848E6341E9519CC00BD984F /* PhotoSelectorHeader.swift */; };
		D848E6371E9522DE00BD984F /* SharePhotoController.swift in Sources */ = {isa = PBXBuildFile; fileRef = D848E6361E9522DE00BD984F /* SharePhotoController.swift */; };
		D848E63A1E9538B900BD984F /* Post.swift in Sources */ = {isa = PBXBuildFile; fileRef = D848E6391E9538B900BD984F /* Post.swift */; };
		D848E63C1E9539EF00BD984F /* UserProfilePhotoCell.swift in Sources */ = {isa = PBXBuildFile; fileRef = D848E63B1E9539EF00BD984F /* UserProfilePhotoCell.swift */; };
		D86DBD2D1E940E8300F2E46F /* LoginController.swift in Sources */ = {isa = PBXBuildFile; fileRef = D86DBD2C1E940E8300F2E46F /* LoginController.swift */; };
		D86DBD301E94341900F2E46F /* PhotoSelectorController.swift in Sources */ = {isa = PBXBuildFile; fileRef = D86DBD2F1E94341900F2E46F /* PhotoSelectorController.swift */; };
		D8727FB01E97ACA7007AFDD9 /* HomeController.swift in Sources */ = {isa = PBXBuildFile; fileRef = D8727FAF1E97ACA7007AFDD9 /* HomeController.swift */; };
		D8727FB21E97AE9B007AFDD9 /* HomePostCell.swift in Sources */ = {isa = PBXBuildFile; fileRef = D8727FB11E97AE9A007AFDD9 /* HomePostCell.swift */; };
		D87AA1AB1E93AAD900E3E3B6 /* GoogleService-Info.plist in Resources */ = {isa = PBXBuildFile; fileRef = D87AA1AA1E93AAD900E3E3B6 /* GoogleService-Info.plist */; };
		D87AA1B61E93E6E900E3E3B6 /* CustomTabBarController.swift in Sources */ = {isa = PBXBuildFile; fileRef = D87AA1B51E93E6E900E3E3B6 /* CustomTabBarController.swift */; };
		D87AA1B81E93E76100E3E3B6 /* UserProfileController.swift in Sources */ = {isa = PBXBuildFile; fileRef = D87AA1B71E93E76100E3E3B6 /* UserProfileController.swift */; };
		D87AA1BB1E93EE7C00E3E3B6 /* UserProfileHeader.swift in Sources */ = {isa = PBXBuildFile; fileRef = D87AA1BA1E93EE7C00E3E3B6 /* UserProfileHeader.swift */; };
		D87AA1C01E93F10A00E3E3B6 /* User.swift in Sources */ = {isa = PBXBuildFile; fileRef = D87AA1BF1E93F10A00E3E3B6 /* User.swift */; };
		D87E08E31EB2190D00DDFE80 /* PreviewPhotoContainerView.swift in Sources */ = {isa = PBXBuildFile; fileRef = D87E08E21EB2190D00DDFE80 /* PreviewPhotoContainerView.swift */; };
		D8A3894C1EB78DC00074241E /* CustomAnimationPresentor.swift in Sources */ = {isa = PBXBuildFile; fileRef = D8A3894B1EB78DC00074241E /* CustomAnimationPresentor.swift */; };
		D8A3894E1EB7915E0074241E /* CustomAnimationDismisser.swift in Sources */ = {isa = PBXBuildFile; fileRef = D8A3894D1EB7915E0074241E /* CustomAnimationDismisser.swift */; };
		D8A389511EB7969B0074241E /* CommentsController.swift in Sources */ = {isa = PBXBuildFile; fileRef = D8A389501EB7969B0074241E /* CommentsController.swift */; };
		D8B981311FFFB26000D9FCD3 /* Extensions.swift in Sources */ = {isa = PBXBuildFile; fileRef = D8B981301FFFB26000D9FCD3 /* Extensions.swift */; };
		D8B981331FFFB31000D9FCD3 /* CustomImageView.swift in Sources */ = {isa = PBXBuildFile; fileRef = D8B981321FFFB31000D9FCD3 /* CustomImageView.swift */; };
		D8B981351FFFB33100D9FCD3 /* FirebaseUtils.swift in Sources */ = {isa = PBXBuildFile; fileRef = D8B981341FFFB33100D9FCD3 /* FirebaseUtils.swift */; };
		D8D7F2001EA3898B0023EF67 /* UserSearchController.swift in Sources */ = {isa = PBXBuildFile; fileRef = D8D7F1FF1EA3898B0023EF67 /* UserSearchController.swift */; };
		D8D7F2021EA389950023EF67 /* UserSearchCell.swift in Sources */ = {isa = PBXBuildFile; fileRef = D8D7F2011EA389950023EF67 /* UserSearchCell.swift */; };
/* End PBXBuildFile section */

/* Begin PBXFileReference section */
		9AB016D3CDD4C07ED546E455 /* Pods_InstagramFirebase.framework */ = {isa = PBXFileReference; explicitFileType = wrapper.framework; includeInIndex = 0; path = Pods_InstagramFirebase.framework; sourceTree = BUILT_PRODUCTS_DIR; };
		D811B3C91EB00DFE00F5177E /* CameraController.swift */ = {isa = PBXFileReference; fileEncoding = 4; lastKnownFileType = sourcecode.swift; path = CameraController.swift; sourceTree = "<group>"; };
		D81509151EB9D15F00E1AC94 /* CommentCell.swift */ = {isa = PBXFileReference; fileEncoding = 4; lastKnownFileType = sourcecode.swift; path = CommentCell.swift; sourceTree = "<group>"; };
		D81509171EB9D3A000E1AC94 /* Comment.swift */ = {isa = PBXFileReference; fileEncoding = 4; lastKnownFileType = sourcecode.swift; path = Comment.swift; sourceTree = "<group>"; };
		D83EF5911E9310310062380E /* InstagramFirebase.app */ = {isa = PBXFileReference; explicitFileType = wrapper.application; includeInIndex = 0; path = InstagramFirebase.app; sourceTree = BUILT_PRODUCTS_DIR; };
		D83EF5941E9310310062380E /* AppDelegate.swift */ = {isa = PBXFileReference; lastKnownFileType = sourcecode.swift; path = AppDelegate.swift; sourceTree = "<group>"; };
		D83EF5961E9310310062380E /* SignUpController.swift */ = {isa = PBXFileReference; lastKnownFileType = sourcecode.swift; path = SignUpController.swift; sourceTree = "<group>"; };
		D83EF5991E9310310062380E /* Base */ = {isa = PBXFileReference; lastKnownFileType = file.storyboard; name = Base; path = Base.lproj/Main.storyboard; sourceTree = "<group>"; };
		D83EF59B1E9310310062380E /* Assets.xcassets */ = {isa = PBXFileReference; lastKnownFileType = folder.assetcatalog; path = Assets.xcassets; sourceTree = "<group>"; };
		D83EF59E1E9310310062380E /* Base */ = {isa = PBXFileReference; lastKnownFileType = file.storyboard; name = Base; path = Base.lproj/LaunchScreen.storyboard; sourceTree = "<group>"; };
		D83EF5A01E9310310062380E /* Info.plist */ = {isa = PBXFileReference; lastKnownFileType = text.plist.xml; path = Info.plist; sourceTree = "<group>"; };
		D848E6321E94E7BC00BD984F /* PhotoSelectorCell.swift */ = {isa = PBXFileReference; fileEncoding = 4; lastKnownFileType = sourcecode.swift; path = PhotoSelectorCell.swift; sourceTree = "<group>"; };
		D848E6341E9519CC00BD984F /* PhotoSelectorHeader.swift */ = {isa = PBXFileReference; fileEncoding = 4; lastKnownFileType = sourcecode.swift; path = PhotoSelectorHeader.swift; sourceTree = "<group>"; };
		D848E6361E9522DE00BD984F /* SharePhotoController.swift */ = {isa = PBXFileReference; fileEncoding = 4; lastKnownFileType = sourcecode.swift; path = SharePhotoController.swift; sourceTree = "<group>"; };
		D848E6391E9538B900BD984F /* Post.swift */ = {isa = PBXFileReference; fileEncoding = 4; lastKnownFileType = sourcecode.swift; path = Post.swift; sourceTree = "<group>"; };
		D848E63B1E9539EF00BD984F /* UserProfilePhotoCell.swift */ = {isa = PBXFileReference; fileEncoding = 4; lastKnownFileType = sourcecode.swift; path = UserProfilePhotoCell.swift; sourceTree = "<group>"; };
		D86DBD2C1E940E8300F2E46F /* LoginController.swift */ = {isa = PBXFileReference; fileEncoding = 4; lastKnownFileType = sourcecode.swift; path = LoginController.swift; sourceTree = "<group>"; };
		D86DBD2F1E94341900F2E46F /* PhotoSelectorController.swift */ = {isa = PBXFileReference; fileEncoding = 4; lastKnownFileType = sourcecode.swift; path = PhotoSelectorController.swift; sourceTree = "<group>"; };
		D8727FAF1E97ACA7007AFDD9 /* HomeController.swift */ = {isa = PBXFileReference; fileEncoding = 4; lastKnownFileType = sourcecode.swift; path = HomeController.swift; sourceTree = "<group>"; };
		D8727FB11E97AE9A007AFDD9 /* HomePostCell.swift */ = {isa = PBXFileReference; fileEncoding = 4; lastKnownFileType = sourcecode.swift; path = HomePostCell.swift; sourceTree = "<group>"; };
		D87AA1AA1E93AAD900E3E3B6 /* GoogleService-Info.plist */ = {isa = PBXFileReference; fileEncoding = 4; lastKnownFileType = text.plist.xml; path = "GoogleService-Info.plist"; sourceTree = "<group>"; };
		D87AA1B51E93E6E900E3E3B6 /* CustomTabBarController.swift */ = {isa = PBXFileReference; fileEncoding = 4; lastKnownFileType = sourcecode.swift; path = CustomTabBarController.swift; sourceTree = "<group>"; };
		D87AA1B71E93E76100E3E3B6 /* UserProfileController.swift */ = {isa = PBXFileReference; fileEncoding = 4; lastKnownFileType = sourcecode.swift; path = UserProfileController.swift; sourceTree = "<group>"; };
		D87AA1BA1E93EE7C00E3E3B6 /* UserProfileHeader.swift */ = {isa = PBXFileReference; fileEncoding = 4; lastKnownFileType = sourcecode.swift; path = UserProfileHeader.swift; sourceTree = "<group>"; };
		D87AA1BF1E93F10A00E3E3B6 /* User.swift */ = {isa = PBXFileReference; fileEncoding = 4; lastKnownFileType = sourcecode.swift; path = User.swift; sourceTree = "<group>"; };
		D87E08E21EB2190D00DDFE80 /* PreviewPhotoContainerView.swift */ = {isa = PBXFileReference; fileEncoding = 4; lastKnownFileType = sourcecode.swift; path = PreviewPhotoContainerView.swift; sourceTree = "<group>"; };
		D8A3894B1EB78DC00074241E /* CustomAnimationPresentor.swift */ = {isa = PBXFileReference; fileEncoding = 4; lastKnownFileType = sourcecode.swift; path = CustomAnimationPresentor.swift; sourceTree = "<group>"; };
		D8A3894D1EB7915E0074241E /* CustomAnimationDismisser.swift */ = {isa = PBXFileReference; fileEncoding = 4; lastKnownFileType = sourcecode.swift; path = CustomAnimationDismisser.swift; sourceTree = "<group>"; };
		D8A389501EB7969B0074241E /* CommentsController.swift */ = {isa = PBXFileReference; fileEncoding = 4; lastKnownFileType = sourcecode.swift; path = CommentsController.swift; sourceTree = "<group>"; };
		D8B981301FFFB26000D9FCD3 /* Extensions.swift */ = {isa = PBXFileReference; lastKnownFileType = sourcecode.swift; path = Extensions.swift; sourceTree = "<group>"; };
		D8B981321FFFB31000D9FCD3 /* CustomImageView.swift */ = {isa = PBXFileReference; lastKnownFileType = sourcecode.swift; path = CustomImageView.swift; sourceTree = "<group>"; };
		D8B981341FFFB33100D9FCD3 /* FirebaseUtils.swift */ = {isa = PBXFileReference; lastKnownFileType = sourcecode.swift; path = FirebaseUtils.swift; sourceTree = "<group>"; };
		D8D7F1FF1EA3898B0023EF67 /* UserSearchController.swift */ = {isa = PBXFileReference; fileEncoding = 4; lastKnownFileType = sourcecode.swift; path = UserSearchController.swift; sourceTree = "<group>"; };
		D8D7F2011EA389950023EF67 /* UserSearchCell.swift */ = {isa = PBXFileReference; fileEncoding = 4; lastKnownFileType = sourcecode.swift; path = UserSearchCell.swift; sourceTree = "<group>"; };
		DB0F72C1087A850DF31D3951 /* Pods-InstagramFirebase.debug.xcconfig */ = {isa = PBXFileReference; includeInIndex = 1; lastKnownFileType = text.xcconfig; name = "Pods-InstagramFirebase.debug.xcconfig"; path = "Pods/Target Support Files/Pods-InstagramFirebase/Pods-InstagramFirebase.debug.xcconfig"; sourceTree = "<group>"; };
		E41A9B1208B2B6BEEECF2652 /* Pods-InstagramFirebase.release.xcconfig */ = {isa = PBXFileReference; includeInIndex = 1; lastKnownFileType = text.xcconfig; name = "Pods-InstagramFirebase.release.xcconfig"; path = "Pods/Target Support Files/Pods-InstagramFirebase/Pods-InstagramFirebase.release.xcconfig"; sourceTree = "<group>"; };
/* End PBXFileReference section */

/* Begin PBXFrameworksBuildPhase section */
		D83EF58E1E9310310062380E /* Frameworks */ = {
			isa = PBXFrameworksBuildPhase;
			buildActionMask = 2147483647;
			files = (
				1BFE424BECB2184171928D4A /* Pods_InstagramFirebase.framework in Frameworks */,
			);
			runOnlyForDeploymentPostprocessing = 0;
		};
/* End PBXFrameworksBuildPhase section */

/* Begin PBXGroup section */
		811FB8F235F7309592BDD530 /* Frameworks */ = {
			isa = PBXGroup;
			children = (
				9AB016D3CDD4C07ED546E455 /* Pods_InstagramFirebase.framework */,
			);
			name = Frameworks;
			sourceTree = "<group>";
		};
		D811B3C81EB00DE800F5177E /* Camera */ = {
			isa = PBXGroup;
			children = (
				D811B3C91EB00DFE00F5177E /* CameraController.swift */,
				D87E08E21EB2190D00DDFE80 /* PreviewPhotoContainerView.swift */,
				D8A3894B1EB78DC00074241E /* CustomAnimationPresentor.swift */,
				D8A3894D1EB7915E0074241E /* CustomAnimationDismisser.swift */,
			);
			name = Camera;
			sourceTree = "<group>";
		};
		D83EF5881E9310310062380E = {
			isa = PBXGroup;
			children = (
				D83EF5931E9310310062380E /* InstagramFirebase */,
				D83EF5921E9310310062380E /* Products */,
				E79ED0FB7FFC1EE374E16145 /* Pods */,
				811FB8F235F7309592BDD530 /* Frameworks */,
			);
			sourceTree = "<group>";
		};
		D83EF5921E9310310062380E /* Products */ = {
			isa = PBXGroup;
			children = (
				D83EF5911E9310310062380E /* InstagramFirebase.app */,
			);
			name = Products;
			sourceTree = "<group>";
		};
		D83EF5931E9310310062380E /* InstagramFirebase */ = {
			isa = PBXGroup;
			children = (
				D87AA1A91E93A8AC00E3E3B6 /* Utils */,
				D8A3894F1EB7968C0074241E /* Comments */,
				D811B3C81EB00DE800F5177E /* Camera */,
				D848E6381E9538A600BD984F /* Model */,
				D86DBD2E1E9433F000F2E46F /* AddPhoto */,
				D8727FAE1E97AC8A007AFDD9 /* Home */,
				D8D7F1FE1EA389090023EF67 /* Search */,
				D86DBD2B1E940E6000F2E46F /* Login */,
				D87AA1B91E93EE5D00E3E3B6 /* UserProfile */,
				D87AA1B41E93E66200E3E3B6 /* Controller */,
				D83EF5941E9310310062380E /* AppDelegate.swift */,
				D83EF5981E9310310062380E /* Main.storyboard */,
				D83EF59B1E9310310062380E /* Assets.xcassets */,
				D83EF59D1E9310310062380E /* LaunchScreen.storyboard */,
				D83EF5A01E9310310062380E /* Info.plist */,
				D87AA1AA1E93AAD900E3E3B6 /* GoogleService-Info.plist */,
			);
			path = InstagramFirebase;
			sourceTree = "<group>";
		};
		D848E6381E9538A600BD984F /* Model */ = {
			isa = PBXGroup;
			children = (
				D87AA1BF1E93F10A00E3E3B6 /* User.swift */,
				D848E6391E9538B900BD984F /* Post.swift */,
				D81509171EB9D3A000E1AC94 /* Comment.swift */,
			);
			name = Model;
			sourceTree = "<group>";
		};
		D86DBD2B1E940E6000F2E46F /* Login */ = {
			isa = PBXGroup;
			children = (
				D86DBD2C1E940E8300F2E46F /* LoginController.swift */,
				D83EF5961E9310310062380E /* SignUpController.swift */,
			);
			name = Login;
			sourceTree = "<group>";
		};
		D86DBD2E1E9433F000F2E46F /* AddPhoto */ = {
			isa = PBXGroup;
			children = (
				D86DBD2F1E94341900F2E46F /* PhotoSelectorController.swift */,
				D848E6321E94E7BC00BD984F /* PhotoSelectorCell.swift */,
				D848E6341E9519CC00BD984F /* PhotoSelectorHeader.swift */,
				D848E6361E9522DE00BD984F /* SharePhotoController.swift */,
			);
			name = AddPhoto;
			sourceTree = "<group>";
		};
		D8727FAE1E97AC8A007AFDD9 /* Home */ = {
			isa = PBXGroup;
			children = (
				D8727FAF1E97ACA7007AFDD9 /* HomeController.swift */,
				D8727FB11E97AE9A007AFDD9 /* HomePostCell.swift */,
			);
			name = Home;
			sourceTree = "<group>";
		};
		D87AA1A91E93A8AC00E3E3B6 /* Utils */ = {
			isa = PBXGroup;
			children = (
				D8B981301FFFB26000D9FCD3 /* Extensions.swift */,
				D8B981321FFFB31000D9FCD3 /* CustomImageView.swift */,
				D8B981341FFFB33100D9FCD3 /* FirebaseUtils.swift */,
			);
			name = Utils;
			sourceTree = "<group>";
		};
		D87AA1B41E93E66200E3E3B6 /* Controller */ = {
			isa = PBXGroup;
			children = (
				D87AA1B51E93E6E900E3E3B6 /* CustomTabBarController.swift */,
			);
			name = Controller;
			sourceTree = "<group>";
		};
		D87AA1B91E93EE5D00E3E3B6 /* UserProfile */ = {
			isa = PBXGroup;
			children = (
				D87AA1B71E93E76100E3E3B6 /* UserProfileController.swift */,
				D87AA1BA1E93EE7C00E3E3B6 /* UserProfileHeader.swift */,
				D848E63B1E9539EF00BD984F /* UserProfilePhotoCell.swift */,
			);
			name = UserProfile;
			sourceTree = "<group>";
		};
		D8A3894F1EB7968C0074241E /* Comments */ = {
			isa = PBXGroup;
			children = (
				D8A389501EB7969B0074241E /* CommentsController.swift */,
				D81509151EB9D15F00E1AC94 /* CommentCell.swift */,
			);
			name = Comments;
			sourceTree = "<group>";
		};
		D8D7F1FE1EA389090023EF67 /* Search */ = {
			isa = PBXGroup;
			children = (
				D8D7F1FF1EA3898B0023EF67 /* UserSearchController.swift */,
				D8D7F2011EA389950023EF67 /* UserSearchCell.swift */,
			);
			name = Search;
			sourceTree = "<group>";
		};
		E79ED0FB7FFC1EE374E16145 /* Pods */ = {
			isa = PBXGroup;
			children = (
				DB0F72C1087A850DF31D3951 /* Pods-InstagramFirebase.debug.xcconfig */,
				E41A9B1208B2B6BEEECF2652 /* Pods-InstagramFirebase.release.xcconfig */,
			);
			name = Pods;
			sourceTree = "<group>";
		};
/* End PBXGroup section */

/* Begin PBXNativeTarget section */
		D83EF5901E9310310062380E /* InstagramFirebase */ = {
			isa = PBXNativeTarget;
			buildConfigurationList = D83EF5A31E9310310062380E /* Build configuration list for PBXNativeTarget "InstagramFirebase" */;
			buildPhases = (
				2026AC4F105DABAB0C6CFAE7 /* [CP] Check Pods Manifest.lock */,
				D83EF58D1E9310310062380E /* Sources */,
				D83EF58E1E9310310062380E /* Frameworks */,
				D83EF58F1E9310310062380E /* Resources */,
				CDAB952E2D839CB854566BD8 /* [CP] Embed Pods Frameworks */,
				43D2DD420E3597C403D36323 /* [CP] Copy Pods Resources */,
			);
			buildRules = (
			);
			dependencies = (
			);
			name = InstagramFirebase;
			productName = InstagramFirebase;
			productReference = D83EF5911E9310310062380E /* InstagramFirebase.app */;
			productType = "com.apple.product-type.application";
		};
/* End PBXNativeTarget section */

/* Begin PBXProject section */
		D83EF5891E9310310062380E /* Project object */ = {
			isa = PBXProject;
			attributes = {
				LastSwiftUpdateCheck = 0830;
				LastUpgradeCheck = 0920;
				ORGANIZATIONNAME = "Joseph Kim";
				TargetAttributes = {
					D83EF5901E9310310062380E = {
						CreatedOnToolsVersion = 8.3;
						DevelopmentTeam = C23R6NMUVD;
						LastSwiftMigration = 0900;
						ProvisioningStyle = Automatic;
					};
				};
			};
			buildConfigurationList = D83EF58C1E9310310062380E /* Build configuration list for PBXProject "InstagramFirebase" */;
			compatibilityVersion = "Xcode 3.2";
			developmentRegion = English;
			hasScannedForEncodings = 0;
			knownRegions = (
				en,
				Base,
			);
			mainGroup = D83EF5881E9310310062380E;
			productRefGroup = D83EF5921E9310310062380E /* Products */;
			projectDirPath = "";
			projectRoot = "";
			targets = (
				D83EF5901E9310310062380E /* InstagramFirebase */,
			);
		};
/* End PBXProject section */

/* Begin PBXResourcesBuildPhase section */
		D83EF58F1E9310310062380E /* Resources */ = {
			isa = PBXResourcesBuildPhase;
			buildActionMask = 2147483647;
			files = (
				D83EF59F1E9310310062380E /* LaunchScreen.storyboard in Resources */,
				D87AA1AB1E93AAD900E3E3B6 /* GoogleService-Info.plist in Resources */,
				D83EF59C1E9310310062380E /* Assets.xcassets in Resources */,
				D83EF59A1E9310310062380E /* Main.storyboard in Resources */,
			);
			runOnlyForDeploymentPostprocessing = 0;
		};
/* End PBXResourcesBuildPhase section */

/* Begin PBXShellScriptBuildPhase section */
		2026AC4F105DABAB0C6CFAE7 /* [CP] Check Pods Manifest.lock */ = {
			isa = PBXShellScriptBuildPhase;
			buildActionMask = 2147483647;
			files = (
			);
			inputPaths = (
				"${PODS_PODFILE_DIR_PATH}/Podfile.lock",
				"${PODS_ROOT}/Manifest.lock",
			);
			name = "[CP] Check Pods Manifest.lock";
			outputPaths = (
				"$(DERIVED_FILE_DIR)/Pods-InstagramFirebase-checkManifestLockResult.txt",
			);
			runOnlyForDeploymentPostprocessing = 0;
			shellPath = /bin/sh;
			shellScript = "diff \"${PODS_PODFILE_DIR_PATH}/Podfile.lock\" \"${PODS_ROOT}/Manifest.lock\" > /dev/null\nif [ $? != 0 ] ; then\n    # print error to STDERR\n    echo \"error: The sandbox is not in sync with the Podfile.lock. Run 'pod install' or update your CocoaPods installation.\" >&2\n    exit 1\nfi\n# This output is used by Xcode 'outputs' to avoid re-running this script phase.\necho \"SUCCESS\" > \"${SCRIPT_OUTPUT_FILE_0}\"\n";
			showEnvVarsInLog = 0;
		};
		43D2DD420E3597C403D36323 /* [CP] Copy Pods Resources */ = {
			isa = PBXShellScriptBuildPhase;
			buildActionMask = 2147483647;
			files = (
			);
			inputPaths = (
			);
			name = "[CP] Copy Pods Resources";
			outputPaths = (
			);
			runOnlyForDeploymentPostprocessing = 0;
			shellPath = /bin/sh;
			shellScript = "\"${SRCROOT}/Pods/Target Support Files/Pods-InstagramFirebase/Pods-InstagramFirebase-resources.sh\"\n";
			showEnvVarsInLog = 0;
		};
		CDAB952E2D839CB854566BD8 /* [CP] Embed Pods Frameworks */ = {
			isa = PBXShellScriptBuildPhase;
			buildActionMask = 2147483647;
			files = (
			);
			inputPaths = (
				"${SRCROOT}/Pods/Target Support Files/Pods-InstagramFirebase/Pods-InstagramFirebase-frameworks.sh",
				"${BUILT_PRODUCTS_DIR}/GTMSessionFetcher/GTMSessionFetcher.framework",
				"${BUILT_PRODUCTS_DIR}/GoogleToolboxForMac/GoogleToolboxForMac.framework",
				"${BUILT_PRODUCTS_DIR}/leveldb-library/leveldb.framework",
				"${BUILT_PRODUCTS_DIR}/nanopb/nanopb.framework",
			);
			name = "[CP] Embed Pods Frameworks";
			outputPaths = (
				"${TARGET_BUILD_DIR}/${FRAMEWORKS_FOLDER_PATH}/GTMSessionFetcher.framework",
				"${TARGET_BUILD_DIR}/${FRAMEWORKS_FOLDER_PATH}/GoogleToolboxForMac.framework",
				"${TARGET_BUILD_DIR}/${FRAMEWORKS_FOLDER_PATH}/leveldb.framework",
				"${TARGET_BUILD_DIR}/${FRAMEWORKS_FOLDER_PATH}/nanopb.framework",
			);
			runOnlyForDeploymentPostprocessing = 0;
			shellPath = /bin/sh;
			shellScript = "\"${SRCROOT}/Pods/Target Support Files/Pods-InstagramFirebase/Pods-InstagramFirebase-frameworks.sh\"\n";
			showEnvVarsInLog = 0;
		};
/* End PBXShellScriptBuildPhase section */

/* Begin PBXSourcesBuildPhase section */
		D83EF58D1E9310310062380E /* Sources */ = {
			isa = PBXSourcesBuildPhase;
			buildActionMask = 2147483647;
			files = (
				D87AA1BB1E93EE7C00E3E3B6 /* UserProfileHeader.swift in Sources */,
				D811B3CA1EB00DFE00F5177E /* CameraController.swift in Sources */,
				D848E6331E94E7BC00BD984F /* PhotoSelectorCell.swift in Sources */,
				D81509181EB9D3A000E1AC94 /* Comment.swift in Sources */,
				D87AA1B81E93E76100E3E3B6 /* UserProfileController.swift in Sources */,
				D8D7F2001EA3898B0023EF67 /* UserSearchController.swift in Sources */,
				D8D7F2021EA389950023EF67 /* UserSearchCell.swift in Sources */,
				D83EF5971E9310310062380E /* SignUpController.swift in Sources */,
				D848E63C1E9539EF00BD984F /* UserProfilePhotoCell.swift in Sources */,
				D81509161EB9D15F00E1AC94 /* CommentCell.swift in Sources */,
				D87AA1C01E93F10A00E3E3B6 /* User.swift in Sources */,
				D87AA1B61E93E6E900E3E3B6 /* CustomTabBarController.swift in Sources */,
				D848E63A1E9538B900BD984F /* Post.swift in Sources */,
				D8B981311FFFB26000D9FCD3 /* Extensions.swift in Sources */,
				D83EF5951E9310310062380E /* AppDelegate.swift in Sources */,
				D848E6351E9519CC00BD984F /* PhotoSelectorHeader.swift in Sources */,
				D848E6371E9522DE00BD984F /* SharePhotoController.swift in Sources */,
				D8A3894C1EB78DC00074241E /* CustomAnimationPresentor.swift in Sources */,
				D8B981351FFFB33100D9FCD3 /* FirebaseUtils.swift in Sources */,
				D86DBD2D1E940E8300F2E46F /* LoginController.swift in Sources */,
				D8727FB21E97AE9B007AFDD9 /* HomePostCell.swift in Sources */,
				D8727FB01E97ACA7007AFDD9 /* HomeController.swift in Sources */,
				D86DBD301E94341900F2E46F /* PhotoSelectorController.swift in Sources */,
				D8A3894E1EB7915E0074241E /* CustomAnimationDismisser.swift in Sources */,
				D8A389511EB7969B0074241E /* CommentsController.swift in Sources */,
				D87E08E31EB2190D00DDFE80 /* PreviewPhotoContainerView.swift in Sources */,
				D8B981331FFFB31000D9FCD3 /* CustomImageView.swift in Sources */,
			);
			runOnlyForDeploymentPostprocessing = 0;
		};
/* End PBXSourcesBuildPhase section */

/* Begin PBXVariantGroup section */
		D83EF5981E9310310062380E /* Main.storyboard */ = {
			isa = PBXVariantGroup;
			children = (
				D83EF5991E9310310062380E /* Base */,
			);
			name = Main.storyboard;
			sourceTree = "<group>";
		};
		D83EF59D1E9310310062380E /* LaunchScreen.storyboard */ = {
			isa = PBXVariantGroup;
			children = (
				D83EF59E1E9310310062380E /* Base */,
			);
			name = LaunchScreen.storyboard;
			sourceTree = "<group>";
		};
/* End PBXVariantGroup section */

/* Begin XCBuildConfiguration section */
		D83EF5A11E9310310062380E /* Debug */ = {
			isa = XCBuildConfiguration;
			buildSettings = {
				ALWAYS_SEARCH_USER_PATHS = NO;
				CLANG_ANALYZER_NONNULL = YES;
				CLANG_ANALYZER_NUMBER_OBJECT_CONVERSION = YES_AGGRESSIVE;
				CLANG_CXX_LANGUAGE_STANDARD = "gnu++0x";
				CLANG_CXX_LIBRARY = "libc++";
				CLANG_ENABLE_MODULES = YES;
				CLANG_ENABLE_OBJC_ARC = YES;
				CLANG_WARN_BLOCK_CAPTURE_AUTORELEASING = YES;
				CLANG_WARN_BOOL_CONVERSION = YES;
				CLANG_WARN_COMMA = YES;
				CLANG_WARN_CONSTANT_CONVERSION = YES;
				CLANG_WARN_DIRECT_OBJC_ISA_USAGE = YES_ERROR;
				CLANG_WARN_DOCUMENTATION_COMMENTS = YES;
				CLANG_WARN_EMPTY_BODY = YES;
				CLANG_WARN_ENUM_CONVERSION = YES;
				CLANG_WARN_INFINITE_RECURSION = YES;
				CLANG_WARN_INT_CONVERSION = YES;
				CLANG_WARN_NON_LITERAL_NULL_CONVERSION = YES;
				CLANG_WARN_OBJC_LITERAL_CONVERSION = YES;
				CLANG_WARN_OBJC_ROOT_CLASS = YES_ERROR;
				CLANG_WARN_RANGE_LOOP_ANALYSIS = YES;
				CLANG_WARN_STRICT_PROTOTYPES = YES;
				CLANG_WARN_SUSPICIOUS_MOVE = YES;
				CLANG_WARN_UNREACHABLE_CODE = YES;
				CLANG_WARN__DUPLICATE_METHOD_MATCH = YES;
				"CODE_SIGN_IDENTITY[sdk=iphoneos*]" = "iPhone Developer";
				COPY_PHASE_STRIP = NO;
				DEBUG_INFORMATION_FORMAT = dwarf;
				ENABLE_STRICT_OBJC_MSGSEND = YES;
				ENABLE_TESTABILITY = YES;
				GCC_C_LANGUAGE_STANDARD = gnu99;
				GCC_DYNAMIC_NO_PIC = NO;
				GCC_NO_COMMON_BLOCKS = YES;
				GCC_OPTIMIZATION_LEVEL = 0;
				GCC_PREPROCESSOR_DEFINITIONS = (
					"DEBUG=1",
					"$(inherited)",
				);
				GCC_WARN_64_TO_32_BIT_CONVERSION = YES;
				GCC_WARN_ABOUT_RETURN_TYPE = YES_ERROR;
				GCC_WARN_UNDECLARED_SELECTOR = YES;
				GCC_WARN_UNINITIALIZED_AUTOS = YES_AGGRESSIVE;
				GCC_WARN_UNUSED_FUNCTION = YES;
				GCC_WARN_UNUSED_VARIABLE = YES;
				IPHONEOS_DEPLOYMENT_TARGET = 10.3;
				MTL_ENABLE_DEBUG_INFO = YES;
				ONLY_ACTIVE_ARCH = YES;
				SDKROOT = iphoneos;
				SWIFT_ACTIVE_COMPILATION_CONDITIONS = DEBUG;
				SWIFT_OPTIMIZATION_LEVEL = "-Onone";
				TARGETED_DEVICE_FAMILY = "1,2";
			};
			name = Debug;
		};
		D83EF5A21E9310310062380E /* Release */ = {
			isa = XCBuildConfiguration;
			buildSettings = {
				ALWAYS_SEARCH_USER_PATHS = NO;
				CLANG_ANALYZER_NONNULL = YES;
				CLANG_ANALYZER_NUMBER_OBJECT_CONVERSION = YES_AGGRESSIVE;
				CLANG_CXX_LANGUAGE_STANDARD = "gnu++0x";
				CLANG_CXX_LIBRARY = "libc++";
				CLANG_ENABLE_MODULES = YES;
				CLANG_ENABLE_OBJC_ARC = YES;
				CLANG_WARN_BLOCK_CAPTURE_AUTORELEASING = YES;
				CLANG_WARN_BOOL_CONVERSION = YES;
				CLANG_WARN_COMMA = YES;
				CLANG_WARN_CONSTANT_CONVERSION = YES;
				CLANG_WARN_DIRECT_OBJC_ISA_USAGE = YES_ERROR;
				CLANG_WARN_DOCUMENTATION_COMMENTS = YES;
				CLANG_WARN_EMPTY_BODY = YES;
				CLANG_WARN_ENUM_CONVERSION = YES;
				CLANG_WARN_INFINITE_RECURSION = YES;
				CLANG_WARN_INT_CONVERSION = YES;
				CLANG_WARN_NON_LITERAL_NULL_CONVERSION = YES;
				CLANG_WARN_OBJC_LITERAL_CONVERSION = YES;
				CLANG_WARN_OBJC_ROOT_CLASS = YES_ERROR;
				CLANG_WARN_RANGE_LOOP_ANALYSIS = YES;
				CLANG_WARN_STRICT_PROTOTYPES = YES;
				CLANG_WARN_SUSPICIOUS_MOVE = YES;
				CLANG_WARN_UNREACHABLE_CODE = YES;
				CLANG_WARN__DUPLICATE_METHOD_MATCH = YES;
				"CODE_SIGN_IDENTITY[sdk=iphoneos*]" = "iPhone Developer";
				COPY_PHASE_STRIP = NO;
				DEBUG_INFORMATION_FORMAT = "dwarf-with-dsym";
				ENABLE_NS_ASSERTIONS = NO;
				ENABLE_STRICT_OBJC_MSGSEND = YES;
				GCC_C_LANGUAGE_STANDARD = gnu99;
				GCC_NO_COMMON_BLOCKS = YES;
				GCC_WARN_64_TO_32_BIT_CONVERSION = YES;
				GCC_WARN_ABOUT_RETURN_TYPE = YES_ERROR;
				GCC_WARN_UNDECLARED_SELECTOR = YES;
				GCC_WARN_UNINITIALIZED_AUTOS = YES_AGGRESSIVE;
				GCC_WARN_UNUSED_FUNCTION = YES;
				GCC_WARN_UNUSED_VARIABLE = YES;
				IPHONEOS_DEPLOYMENT_TARGET = 10.3;
				MTL_ENABLE_DEBUG_INFO = NO;
				SDKROOT = iphoneos;
				SWIFT_OPTIMIZATION_LEVEL = "-Owholemodule";
				TARGETED_DEVICE_FAMILY = "1,2";
				VALIDATE_PRODUCT = YES;
			};
			name = Release;
		};
		D83EF5A41E9310310062380E /* Debug */ = {
			isa = XCBuildConfiguration;
			baseConfigurationReference = DB0F72C1087A850DF31D3951 /* Pods-InstagramFirebase.debug.xcconfig */;
			buildSettings = {
				ASSETCATALOG_COMPILER_APPICON_NAME = AppIcon;
				DEVELOPMENT_TEAM = C23R6NMUVD;
				INFOPLIST_FILE = InstagramFirebase/Info.plist;
				LD_RUNPATH_SEARCH_PATHS = "$(inherited) @executable_path/Frameworks";
				PRODUCT_BUNDLE_IDENTIFIER = com.codejk.InstagramFirebase;
				PRODUCT_NAME = "$(TARGET_NAME)";
				SWIFT_SWIFT3_OBJC_INFERENCE = Default;
				SWIFT_VERSION = 4.0;
			};
			name = Debug;
		};
		D83EF5A51E9310310062380E /* Release */ = {
			isa = XCBuildConfiguration;
			baseConfigurationReference = E41A9B1208B2B6BEEECF2652 /* Pods-InstagramFirebase.release.xcconfig */;
			buildSettings = {
				ASSETCATALOG_COMPILER_APPICON_NAME = AppIcon;
				DEVELOPMENT_TEAM = C23R6NMUVD;
				INFOPLIST_FILE = InstagramFirebase/Info.plist;
				LD_RUNPATH_SEARCH_PATHS = "$(inherited) @executable_path/Frameworks";
				PRODUCT_BUNDLE_IDENTIFIER = com.codejk.InstagramFirebase;
				PRODUCT_NAME = "$(TARGET_NAME)";
				SWIFT_SWIFT3_OBJC_INFERENCE = Default;
				SWIFT_VERSION = 4.0;
			};
			name = Release;
		};
/* End XCBuildConfiguration section */

/* Begin XCConfigurationList section */
		D83EF58C1E9310310062380E /* Build configuration list for PBXProject "InstagramFirebase" */ = {
			isa = XCConfigurationList;
			buildConfigurations = (
				D83EF5A11E9310310062380E /* Debug */,
				D83EF5A21E9310310062380E /* Release */,
			);
			defaultConfigurationIsVisible = 0;
			defaultConfigurationName = Release;
		};
		D83EF5A31E9310310062380E /* Build configuration list for PBXNativeTarget "InstagramFirebase" */ = {
			isa = XCConfigurationList;
			buildConfigurations = (
				D83EF5A41E9310310062380E /* Debug */,
				D83EF5A51E9310310062380E /* Release */,
			);
			defaultConfigurationIsVisible = 0;
			defaultConfigurationName = Release;
		};
/* End XCConfigurationList section */
	};
	rootObject = D83EF5891E9310310062380E /* Project object */;
}
